// !$*UTF8*$!
{
	archiveVersion = 1;
	classes = {
	};
	objectVersion = 46;
	objects = {

/* Begin PBXBuildFile section */
		9023504A1ED63F0000CBC0DB /* Assets.xcassets in Resources */ = {isa = PBXBuildFile; fileRef = 902350441ED63F0000CBC0DB /* Assets.xcassets */; };
		9023504B1ED63F0000CBC0DB /* Base.lproj in Resources */ = {isa = PBXBuildFile; fileRef = 902350451ED63F0000CBC0DB /* Base.lproj */; };
		9023504C1ED63F0000CBC0DB /* AppDelegate.swift in Sources */ = {isa = PBXBuildFile; fileRef = 902350461ED63F0000CBC0DB /* AppDelegate.swift */; };
		9023504D1ED63F0000CBC0DB /* CollectionViewCell.swift in Sources */ = {isa = PBXBuildFile; fileRef = 902350471ED63F0000CBC0DB /* CollectionViewCell.swift */; };
		9023504E1ED63F0000CBC0DB /* Info.plist in Resources */ = {isa = PBXBuildFile; fileRef = 902350481ED63F0000CBC0DB /* Info.plist */; };
		9023504F1ED63F0000CBC0DB /* ViewController.swift in Sources */ = {isa = PBXBuildFile; fileRef = 902350491ED63F0000CBC0DB /* ViewController.swift */; };
/* End PBXBuildFile section */

/* Begin PBXFileReference section */
		902350441ED63F0000CBC0DB /* Assets.xcassets */ = {isa = PBXFileReference; lastKnownFileType = folder.assetcatalog; name = Assets.xcassets; path = DynamicCollectionViewCellDemo/Assets.xcassets; sourceTree = SOURCE_ROOT; };
		902350451ED63F0000CBC0DB /* Base.lproj */ = {isa = PBXFileReference; lastKnownFileType = folder; name = Base.lproj; path = DynamicCollectionViewCellDemo/Base.lproj; sourceTree = SOURCE_ROOT; };
		902350461ED63F0000CBC0DB /* AppDelegate.swift */ = {isa = PBXFileReference; fileEncoding = 4; lastKnownFileType = sourcecode.swift; name = AppDelegate.swift; path = DynamicCollectionViewCellDemo/AppDelegate.swift; sourceTree = SOURCE_ROOT; };
		902350471ED63F0000CBC0DB /* CollectionViewCell.swift */ = {isa = PBXFileReference; fileEncoding = 4; lastKnownFileType = sourcecode.swift; name = CollectionViewCell.swift; path = DynamicCollectionViewCellDemo/CollectionViewCell.swift; sourceTree = SOURCE_ROOT; };
		902350481ED63F0000CBC0DB /* Info.plist */ = {isa = PBXFileReference; fileEncoding = 4; lastKnownFileType = text.plist.xml; name = Info.plist; path = DynamicCollectionViewCellDemo/Info.plist; sourceTree = SOURCE_ROOT; };
		902350491ED63F0000CBC0DB /* ViewController.swift */ = {isa = PBXFileReference; fileEncoding = 4; lastKnownFileType = sourcecode.swift; name = ViewController.swift; path = DynamicCollectionViewCellDemo/ViewController.swift; sourceTree = SOURCE_ROOT; };
		908EEF071E9C602600011236 /* DynamicCollectionViewCellDemo.app */ = {isa = PBXFileReference; explicitFileType = wrapper.application; includeInIndex = 0; path = DynamicCollectionViewCellDemo.app; sourceTree = BUILT_PRODUCTS_DIR; };
/* End PBXFileReference section */

/* Begin PBXFrameworksBuildPhase section */
		908EEF041E9C602600011236 /* Frameworks */ = {
			isa = PBXFrameworksBuildPhase;
			buildActionMask = 2147483647;
			files = (
			);
			runOnlyForDeploymentPostprocessing = 0;
		};
/* End PBXFrameworksBuildPhase section */

/* Begin PBXGroup section */
		908EEEFE1E9C602600011236 = {
			isa = PBXGroup;
			children = (
				908EEF091E9C602600011236 /* DynamicCollectionViewCellDemo */,
				908EEF081E9C602600011236 /* Products */,
			);
			sourceTree = "<group>";
		};
		908EEF081E9C602600011236 /* Products */ = {
			isa = PBXGroup;
			children = (
				908EEF071E9C602600011236 /* DynamicCollectionViewCellDemo.app */,
			);
			name = Products;
			sourceTree = "<group>";
		};
		908EEF091E9C602600011236 /* DynamicCollectionViewCellDemo */ = {
			isa = PBXGroup;
			children = (
				902350441ED63F0000CBC0DB /* Assets.xcassets */,
				902350451ED63F0000CBC0DB /* Base.lproj */,
				902350461ED63F0000CBC0DB /* AppDelegate.swift */,
				902350471ED63F0000CBC0DB /* CollectionViewCell.swift */,
				902350481ED63F0000CBC0DB /* Info.plist */,
				902350491ED63F0000CBC0DB /* ViewController.swift */,
			);
			name = DynamicCollectionViewCellDemo;
			path = DynamicCollectionViewCellTest;
			sourceTree = "<group>";
		};
/* End PBXGroup section */

/* Begin PBXNativeTarget section */
		908EEF061E9C602600011236 /* DynamicCollectionViewCellDemo */ = {
			isa = PBXNativeTarget;
			buildConfigurationList = 908EEF191E9C602600011236 /* Build configuration list for PBXNativeTarget "DynamicCollectionViewCellDemo" */;
			buildPhases = (
				908EEF031E9C602600011236 /* Sources */,
				908EEF041E9C602600011236 /* Frameworks */,
				908EEF051E9C602600011236 /* Resources */,
			);
			buildRules = (
			);
			dependencies = (
			);
			name = DynamicCollectionViewCellDemo;
			productName = DynamicCollectionViewCellTest;
			productReference = 908EEF071E9C602600011236 /* DynamicCollectionViewCellDemo.app */;
			productType = "com.apple.product-type.application";
		};
/* End PBXNativeTarget section */

/* Begin PBXProject section */
		908EEEFF1E9C602600011236 /* Project object */ = {
			isa = PBXProject;
			attributes = {
				LastSwiftUpdateCheck = 0830;
				LastUpgradeCheck = 0830;
				ORGANIZATIONNAME = "The App Boutique";
				TargetAttributes = {
					908EEF061E9C602600011236 = {
						CreatedOnToolsVersion = 8.3.1;
						LastSwiftMigration = 0830;
						ProvisioningStyle = Automatic;
					};
				};
			};
			buildConfigurationList = 908EEF021E9C602600011236 /* Build configuration list for PBXProject "DynamicCollectionViewCellDemo" */;
			compatibilityVersion = "Xcode 3.2";
			developmentRegion = English;
			hasScannedForEncodings = 0;
			knownRegions = (
				en,
				Base,
			);
			mainGroup = 908EEEFE1E9C602600011236;
			productRefGroup = 908EEF081E9C602600011236 /* Products */;
			projectDirPath = "";
			projectRoot = "";
			targets = (
				908EEF061E9C602600011236 /* DynamicCollectionViewCellDemo */,
			);
		};
/* End PBXProject section */

/* Begin PBXResourcesBuildPhase section */
		908EEF051E9C602600011236 /* Resources */ = {
			isa = PBXResourcesBuildPhase;
			buildActionMask = 2147483647;
			files = (
				9023504B1ED63F0000CBC0DB /* Base.lproj in Resources */,
				9023504A1ED63F0000CBC0DB /* Assets.xcassets in Resources */,
				9023504E1ED63F0000CBC0DB /* Info.plist in Resources */,
			);
			runOnlyForDeploymentPostprocessing = 0;
		};
/* End PBXResourcesBuildPhase section */

/* Begin PBXSourcesBuildPhase section */
		908EEF031E9C602600011236 /* Sources */ = {
			isa = PBXSourcesBuildPhase;
			buildActionMask = 2147483647;
			files = (
				9023504F1ED63F0000CBC0DB /* ViewController.swift in Sources */,
				9023504D1ED63F0000CBC0DB /* CollectionViewCell.swift in Sources */,
				9023504C1ED63F0000CBC0DB /* AppDelegate.swift in Sources */,
			);
			runOnlyForDeploymentPostprocessing = 0;
		};
/* End PBXSourcesBuildPhase section */

/* Begin XCBuildConfiguration section */
		908EEF171E9C602600011236 /* Debug */ = {
			isa = XCBuildConfiguration;
			buildSettings = {
				ALWAYS_SEARCH_USER_PATHS = NO;
				CLANG_ANALYZER_NONNULL = YES;
				CLANG_ANALYZER_NUMBER_OBJECT_CONVERSION = YES_AGGRESSIVE;
				CLANG_CXX_LANGUAGE_STANDARD = "gnu++0x";
				CLANG_CXX_LIBRARY = "libc++";
				CLANG_ENABLE_MODULES = YES;
				CLANG_ENABLE_OBJC_ARC = YES;
				CLANG_WARN_BOOL_CONVERSION = YES;
				CLANG_WARN_CONSTANT_CONVERSION = YES;
				CLANG_WARN_DIRECT_OBJC_ISA_USAGE = YES_ERROR;
				CLANG_WARN_DOCUMENTATION_COMMENTS = YES;
				CLANG_WARN_EMPTY_BODY = YES;
				CLANG_WARN_ENUM_CONVERSION = YES;
				CLANG_WARN_INFINITE_RECURSION = YES;
				CLANG_WARN_INT_CONVERSION = YES;
				CLANG_WARN_OBJC_ROOT_CLASS = YES_ERROR;
				CLANG_WARN_SUSPICIOUS_MOVE = YES;
				CLANG_WARN_UNREACHABLE_CODE = YES;
				CLANG_WARN__DUPLICATE_METHOD_MATCH = YES;
				"CODE_SIGN_IDENTITY[sdk=iphoneos*]" = "iPhone Developer";
				COPY_PHASE_STRIP = NO;
				DEBUG_INFORMATION_FORMAT = dwarf;
				ENABLE_STRICT_OBJC_MSGSEND = YES;
				ENABLE_TESTABILITY = YES;
				GCC_C_LANGUAGE_STANDARD = gnu99;
				GCC_DYNAMIC_NO_PIC = NO;
				GCC_NO_COMMON_BLOCKS = YES;
				GCC_OPTIMIZATION_LEVEL = 0;
				GCC_PREPROCESSOR_DEFINITIONS = (
					"DEBUG=1",
					"$(inherited)",
				);
				GCC_WARN_64_TO_32_BIT_CONVERSION = YES;
				GCC_WARN_ABOUT_RETURN_TYPE = YES_ERROR;
				GCC_WARN_UNDECLARED_SELECTOR = YES;
				GCC_WARN_UNINITIALIZED_AUTOS = YES_AGGRESSIVE;
				GCC_WARN_UNUSED_FUNCTION = YES;
				GCC_WARN_UNUSED_VARIABLE = YES;
				IPHONEOS_DEPLOYMENT_TARGET = 10.3;
				MTL_ENABLE_DEBUG_INFO = YES;
				ONLY_ACTIVE_ARCH = YES;
				SDKROOT = iphoneos;
				SWIFT_ACTIVE_COMPILATION_CONDITIONS = DEBUG;
				SWIFT_OPTIMIZATION_LEVEL = "-Onone";
			};
			name = Debug;
		};
		908EEF181E9C602600011236 /* Release */ = {
			isa = XCBuildConfiguration;
			buildSettings = {
				ALWAYS_SEARCH_USER_PATHS = NO;
				CLANG_ANALYZER_NONNULL = YES;
				CLANG_ANALYZER_NUMBER_OBJECT_CONVERSION = YES_AGGRESSIVE;
				CLANG_CXX_LANGUAGE_STANDARD = "gnu++0x";
				CLANG_CXX_LIBRARY = "libc++";
				CLANG_ENABLE_MODULES = YES;
				CLANG_ENABLE_OBJC_ARC = YES;
				CLANG_WARN_BOOL_CONVERSION = YES;
				CLANG_WARN_CONSTANT_CONVERSION = YES;
				CLANG_WARN_DIRECT_OBJC_ISA_USAGE = YES_ERROR;
				CLANG_WARN_DOCUMENTATION_COMMENTS = YES;
				CLANG_WARN_EMPTY_BODY = YES;
				CLANG_WARN_ENUM_CONVERSION = YES;
				CLANG_WARN_INFINITE_RECURSION = YES;
				CLANG_WARN_INT_CONVERSION = YES;
				CLANG_WARN_OBJC_ROOT_CLASS = YES_ERROR;
				CLANG_WARN_SUSPICIOUS_MOVE = YES;
				CLANG_WARN_UNREACHABLE_CODE = YES;
				CLANG_WARN__DUPLICATE_METHOD_MATCH = YES;
				"CODE_SIGN_IDENTITY[sdk=iphoneos*]" = "iPhone Developer";
				COPY_PHASE_STRIP = NO;
				DEBUG_INFORMATION_FORMAT = "dwarf-with-dsym";
				ENABLE_NS_ASSERTIONS = NO;
				ENABLE_STRICT_OBJC_MSGSEND = YES;
				GCC_C_LANGUAGE_STANDARD = gnu99;
				GCC_NO_COMMON_BLOCKS = YES;
				GCC_WARN_64_TO_32_BIT_CONVERSION = YES;
				GCC_WARN_ABOUT_RETURN_TYPE = YES_ERROR;
				GCC_WARN_UNDECLARED_SELECTOR = YES;
				GCC_WARN_UNINITIALIZED_AUTOS = YES_AGGRESSIVE;
				GCC_WARN_UNUSED_FUNCTION = YES;
				GCC_WARN_UNUSED_VARIABLE = YES;
				IPHONEOS_DEPLOYMENT_TARGET = 10.3;
				MTL_ENABLE_DEBUG_INFO = NO;
				SDKROOT = iphoneos;
				SWIFT_OPTIMIZATION_LEVEL = "-Owholemodule";
				VALIDATE_PRODUCT = YES;
			};
			name = Release;
		};
		908EEF1A1E9C602600011236 /* Debug */ = {
			isa = XCBuildConfiguration;
			buildSettings = {
				ASSETCATALOG_COMPILER_APPICON_NAME = AppIcon;
				CLANG_ENABLE_MODULES = YES;
				INFOPLIST_FILE = "$(SRCROOT)/DynamicCollectionViewCellDemo/Info.plist";
				LD_RUNPATH_SEARCH_PATHS = "$(inherited) @executable_path/Frameworks";
				PRODUCT_BUNDLE_IDENTIFIER = com.theappboutique.DynamicCollectionViewCellDemo;
				PRODUCT_NAME = "$(TARGET_NAME)";
				SWIFT_OPTIMIZATION_LEVEL = "-Onone";
				SWIFT_VERSION = 3.0;
			};
			name = Debug;
		};
		908EEF1B1E9C602600011236 /* Release */ = {
			isa = XCBuildConfiguration;
			buildSettings = {
				ASSETCATALOG_COMPILER_APPICON_NAME = AppIcon;
				CLANG_ENABLE_MODULES = YES;
				INFOPLIST_FILE = "$(SRCROOT)/DynamicCollectionViewCellDemo/Info.plist";
				LD_RUNPATH_SEARCH_PATHS = "$(inherited) @executable_path/Frameworks";
				PRODUCT_BUNDLE_IDENTIFIER = com.theappboutique.DynamicCollectionViewCellDemo;
				PRODUCT_NAME = "$(TARGET_NAME)";
				SWIFT_VERSION = 3.0;
			};
			name = Release;
		};
/* End XCBuildConfiguration section */

/* Begin XCConfigurationList section */
		908EEF021E9C602600011236 /* Build configuration list for PBXProject "DynamicCollectionViewCellDemo" */ = {
			isa = XCConfigurationList;
			buildConfigurations = (
				908EEF171E9C602600011236 /* Debug */,
				908EEF181E9C602600011236 /* Release */,
			);
			defaultConfigurationIsVisible = 0;
			defaultConfigurationName = Release;
		};
		908EEF191E9C602600011236 /* Build configuration list for PBXNativeTarget "DynamicCollectionViewCellDemo" */ = {
			isa = XCConfigurationList;
			buildConfigurations = (
				908EEF1A1E9C602600011236 /* Debug */,
				908EEF1B1E9C602600011236 /* Release */,
			);
			defaultConfigurationIsVisible = 0;
			defaultConfigurationName = Release;
		};
/* End XCConfigurationList section */
	};
	rootObject = 908EEEFF1E9C602600011236 /* Project object */;
}
